<?xml version="1.0" encoding="utf-8"?>
<Project ToolsVersion="4.0" xmlns="http://schemas.microsoft.com/developer/msbuild/2003">
  <ItemGroup>
    <Filter Include="Source Files">
      <UniqueIdentifier>{591a3099-cfa3-4d3e-a0ef-5d4ee4052a63}</UniqueIdentifier>
    </Filter>
    <Filter Include="Res">
      <UniqueIdentifier>{794787a6-634f-4e2a-9667-fc554812fa7b}</UniqueIdentifier>
    </Filter>
  </ItemGroup>
  <ItemGroup>
    <ClCompile Include="main.cpp">
      <Filter>Source Files</Filter>
    </ClCompile>
    <ClCompile Include="SceneDrawer.cpp" />
  </ItemGroup>
  <ItemGroup>
    <Image Include="..\Res\mainicon.ico">
      <Filter>Res</Filter>
    </Image>
  </ItemGroup>
  <ItemGroup>
    <ResourceCompile Include="..\Res\NITE.rc">
      <Filter>Res</Filter>
    </ResourceCompile>
  </ItemGroup>
  <ItemGroup>
    <ClInclude Include="..\Res\Resource-NITE.h">
      <Filter>Res</Filter>
    </ClInclude>
    <ClInclude Include="SceneDrawer.h" />
  </ItemGroup>
</Project>